[dependencies]
  [dependencies.core_sources]
    name = "core_sources"
    full_name = "core_sources_0.0.1"
    version = "0.0.1"
  [dependencies.framework]
    name = "framework"
    full_name = "framework_0.0.1"
    version = "0.0.1"
  [dependencies.kernel]
    name = "kernel"
    full_name = "kernel_0.0.1"
    version = "0.0.1"
  [dependencies.sites]
    name = "sites"
    full_name = "sites_0.0.1"
    version = "0.0.1"
  [dependencies.stacks]
    name = "stacks"
    full_name = "stacks_0.0.1"
    version = "0.0.1"
  [dependencies.tenants]
    name = "tenants"
    full_name = "tenants_0.0.1"
    version = "0.0.1"
