[dependencies]
  [dependencies.framework]
    name = "framework"
    full_name = "framework_0.0.1"
    version = "0.0.1"
  [dependencies.k8s]
    name = "k8s"
    full_name = "k8s_1.31.2"
    version = "1.31.2"
  [dependencies.kam]
    name = "kam"
    full_name = "kam_0.1.0"
    version = "0.1.0"
    url = "https://github.com/KusionStack/kam.git"
    git_tag = "0.2.0"
  [dependencies.kernel]
    name = "kernel"
    full_name = "kernel_0.0.1"
    version = "0.0.1"
  [dependencies.modules]
    name = "modules"
    full_name = "modules_0.0.1"
    version = "0.0.1"
  [dependencies.network]
    name = "network"
    full_name = "network_0.2.0"
    version = "0.2.0"
    reg = "ghcr.io"
    repo = "kusionstack/network"
    oci_tag = "0.2.0"
  [dependencies.releases]
    name = "releases"
    full_name = "releases_0.0.1"
    version = "0.0.1"
  [dependencies.service]
    name = "service"
    full_name = "service_0.1.0"
    version = "0.1.0"
    reg = "ghcr.io"
    repo = "kusionstack/service"
    oci_tag = "0.1.0"
  [dependencies.sites]
    name = "sites"
    full_name = "sites_0.0.1"
    version = "0.0.1"
  [dependencies.stacks]
    name = "stacks"
    full_name = "stacks_0.0.1"
    version = "0.0.1"
  [dependencies.tenants]
    name = "tenants"
    full_name = "tenants_0.0.1"
    version = "0.0.1"
